
Microsoft Visual Studio Solution File, Format Version 12.00
# Visual Studio Version 17
VisualStudioVersion = 17.1.32414.318
MinimumVisualStudioVersion = 10.0.40219.1
Project("{FAE04EC0-301F-11D3-BF4B-00C04F79EFBC}") = "cuboid2", "cuboid2\cuboid2.csproj", "{401C0406-8E86-432D-8072-7F47FF19D139}"
EndProject
Global
	GlobalSection(SolutionConfigurationPlatforms) = preSolution
		Debug|Any CPU = Debug|Any CPU
		Release|Any CPU = Release|Any CPU
	EndGlobalSection
	GlobalSection(ProjectConfigurationPlatforms) = postSolution
		{401C0406-8E86-432D-8072-7F47FF19D139}.Debug|Any CPU.ActiveCfg = Debug|Any CPU
		{401C0406-8E86-432D-8072-7F47FF19D139}.Debug|Any CPU.Build.0 = Debug|Any CPU
		{401C0406-8E86-432D-8072-7F47FF19D139}.Release|Any CPU.ActiveCfg = Release|Any CPU
		{401C0406-8E86-432D-8072-7F47FF19D139}.Release|Any CPU.Build.0 = Release|Any CPU
	EndGlobalSection
	GlobalSection(SolutionProperties) = preSolution
		HideSolutionNode = FALSE
	EndGlobalSection
	GlobalSection(ExtensibilityGlobals) = postSolution
		SolutionGuid = {5A96A701-9AB0-49C3-93AD-52012FB92F1D}
	EndGlobalSection
EndGlobal
