
Microsoft Visual Studio Solution File, Format Version 12.00
# Visual Studio Version 16
VisualStudioVersion = 16.0.31911.196
MinimumVisualStudioVersion = 10.0.40219.1
Project("{FAE04EC0-301F-11D3-BF4B-00C04F79EFBC}") = "Trianglelibrary", "Trianglelibrary\Trianglelibrary.csproj", "{02BEBA85-BA77-4FEC-8508-612453DE6E6C}"
EndProject
Project("{FAE04EC0-301F-11D3-BF4B-00C04F79EFBC}") = "TriangleUnitTest", "TriangleUnitTest\TriangleUnitTest.csproj", "{6ACEB1C0-6D5A-4132-91E1-777356311CB1}"
EndProject
Project("{FAE04EC0-301F-11D3-BF4B-00C04F79EFBC}") = "UnitTestByPoint", "UnitTestByPoint\UnitTestByPoint.csproj", "{9C12E77C-647E-4797-A843-B85CDBB6D0C1}"
EndProject
Global
	GlobalSection(SolutionConfigurationPlatforms) = preSolution
		Debug|Any CPU = Debug|Any CPU
		Release|Any CPU = Release|Any CPU
	EndGlobalSection
	GlobalSection(ProjectConfigurationPlatforms) = postSolution
		{02BEBA85-BA77-4FEC-8508-612453DE6E6C}.Debug|Any CPU.ActiveCfg = Debug|Any CPU
		{02BEBA85-BA77-4FEC-8508-612453DE6E6C}.Debug|Any CPU.Build.0 = Debug|Any CPU
		{02BEBA85-BA77-4FEC-8508-612453DE6E6C}.Release|Any CPU.ActiveCfg = Release|Any CPU
		{02BEBA85-BA77-4FEC-8508-612453DE6E6C}.Release|Any CPU.Build.0 = Release|Any CPU
		{6ACEB1C0-6D5A-4132-91E1-777356311CB1}.Debug|Any CPU.ActiveCfg = Debug|Any CPU
		{6ACEB1C0-6D5A-4132-91E1-777356311CB1}.Debug|Any CPU.Build.0 = Debug|Any CPU
		{6ACEB1C0-6D5A-4132-91E1-777356311CB1}.Release|Any CPU.ActiveCfg = Release|Any CPU
		{6ACEB1C0-6D5A-4132-91E1-777356311CB1}.Release|Any CPU.Build.0 = Release|Any CPU
		{9C12E77C-647E-4797-A843-B85CDBB6D0C1}.Debug|Any CPU.ActiveCfg = Debug|Any CPU
		{9C12E77C-647E-4797-A843-B85CDBB6D0C1}.Debug|Any CPU.Build.0 = Debug|Any CPU
		{9C12E77C-647E-4797-A843-B85CDBB6D0C1}.Release|Any CPU.ActiveCfg = Release|Any CPU
		{9C12E77C-647E-4797-A843-B85CDBB6D0C1}.Release|Any CPU.Build.0 = Release|Any CPU
	EndGlobalSection
	GlobalSection(SolutionProperties) = preSolution
		HideSolutionNode = FALSE
	EndGlobalSection
	GlobalSection(ExtensibilityGlobals) = postSolution
		SolutionGuid = {AD3D3445-146C-4035-94FB-E2D5AD05DAB0}
	EndGlobalSection
EndGlobal
